
Microsoft Visual Studio Solution File, Format Version 12.00
# Visual Studio Version 17
VisualStudioVersion = 17.5.33424.131
MinimumVisualStudioVersion = 10.0.40219.1
Project("{888888A0-9F3D-457C-B088-3A5042F75D52}") = "pizzabot.github.io", "pizzabot.github.io.pyproj", "{E0E06938-0E0E-4B29-A08A-296A8412A6E1}"
EndProject
Global
	GlobalSection(SolutionConfigurationPlatforms) = preSolution
		Debug|Any CPU = Debug|Any CPU
		Release|Any CPU = Release|Any CPU
	EndGlobalSection
	GlobalSection(ProjectConfigurationPlatforms) = postSolution
		{E0E06938-0E0E-4B29-A08A-296A8412A6E1}.Debug|Any CPU.ActiveCfg = Debug|Any CPU
		{E0E06938-0E0E-4B29-A08A-296A8412A6E1}.Debug|Any CPU.Build.0 = Debug|Any CPU
		{E0E06938-0E0E-4B29-A08A-296A8412A6E1}.Release|Any CPU.ActiveCfg = Release|Any CPU
		{E0E06938-0E0E-4B29-A08A-296A8412A6E1}.Release|Any CPU.Build.0 = Release|Any CPU
	EndGlobalSection
	GlobalSection(SolutionProperties) = preSolution
		HideSolutionNode = FALSE
	EndGlobalSection
	GlobalSection(ExtensibilityGlobals) = postSolution
		SolutionGuid = {9350823A-CD56-40C6-B99A-F59531B37894}
	EndGlobalSection
EndGlobal
